// !$*UTF8*$!
{
	archiveVersion = 1;
	classes = {
	};
	objectVersion = 51;
	objects = {

/* Begin PBXBuildFile section */
		185872DF9970AABF3B98F9B6 /* Pods_StitcherTests.framework in Frameworks */ = {isa = PBXBuildFile; fileRef = F883D4210A32E56CA63AF017 /* Pods_StitcherTests.framework */; };
		4202E4BE23B51CB4008BB78D /* UITableViewCell+Convenience.swift in Sources */ = {isa = PBXBuildFile; fileRef = 4202E4BD23B51CB4008BB78D /* UITableViewCell+Convenience.swift */; };
		420373D623AEC4270000FD7D /* SceneDelegate.swift in Sources */ = {isa = PBXBuildFile; fileRef = 420373D523AEC4270000FD7D /* SceneDelegate.swift */; };
		4213516C23A84097007F37A9 /* EmptyView.swift in Sources */ = {isa = PBXBuildFile; fileRef = 4213516B23A84097007F37A9 /* EmptyView.swift */; };
		421FDC8122C00B6F00726BE9 /* UIDevice+Identifier.swift in Sources */ = {isa = PBXBuildFile; fileRef = 421FDC8022C00B6F00726BE9 /* UIDevice+Identifier.swift */; };
		421FDC8322C01BA800726BE9 /* PlaylistsRouter.swift in Sources */ = {isa = PBXBuildFile; fileRef = 421FDC8222C01BA800726BE9 /* PlaylistsRouter.swift */; };
		4225768723B6553C005A4B09 /* UIWindow+Bootstrap.swift in Sources */ = {isa = PBXBuildFile; fileRef = 4225768623B6553C005A4B09 /* UIWindow+Bootstrap.swift */; };
		422D189822262432009321B8 /* PaginationDataSource.swift in Sources */ = {isa = PBXBuildFile; fileRef = 422D189722262432009321B8 /* PaginationDataSource.swift */; };
		422D189A2226D74F009321B8 /* PlaylistsDataSource.swift in Sources */ = {isa = PBXBuildFile; fileRef = 422D18992226D74F009321B8 /* PlaylistsDataSource.swift */; };
		422E8CFE2200FC770069BF1B /* Cancellable.swift in Sources */ = {isa = PBXBuildFile; fileRef = 422E8CFD2200FC770069BF1B /* Cancellable.swift */; };
		422E8D0022010D160069BF1B /* BasePresenter.swift in Sources */ = {isa = PBXBuildFile; fileRef = 422E8CFF22010D160069BF1B /* BasePresenter.swift */; };
		422E8D02220365A00069BF1B /* EmptyStateConfig.swift in Sources */ = {isa = PBXBuildFile; fileRef = 422E8D01220365A00069BF1B /* EmptyStateConfig.swift */; };
		422E8D06220384380069BF1B /* BaseTableViewController.swift in Sources */ = {isa = PBXBuildFile; fileRef = 422E8D05220384380069BF1B /* BaseTableViewController.swift */; };
		423283732213ABA2009A6C30 /* EditTableView.swift in Sources */ = {isa = PBXBuildFile; fileRef = 423283722213ABA2009A6C30 /* EditTableView.swift */; };
		4242885523A079D90028FD27 /* UIViewController+Auth.swift in Sources */ = {isa = PBXBuildFile; fileRef = 4242885423A079D90028FD27 /* UIViewController+Auth.swift */; };
		424EFF1821F8DB2C00DDB4E5 /* SpotifyApi.swift in Sources */ = {isa = PBXBuildFile; fileRef = 424EFF1721F8DB2C00DDB4E5 /* SpotifyApi.swift */; };
		424EFF1E21F8E1F700DDB4E5 /* TokenResponse.swift in Sources */ = {isa = PBXBuildFile; fileRef = 424EFF1D21F8E1F700DDB4E5 /* TokenResponse.swift */; };
		424EFF2021F8E3D600DDB4E5 /* Codable+Conversion.swift in Sources */ = {isa = PBXBuildFile; fileRef = 424EFF1F21F8E3D600DDB4E5 /* Codable+Conversion.swift */; };
		424EFF2221F8E53C00DDB4E5 /* Logger.swift in Sources */ = {isa = PBXBuildFile; fileRef = 424EFF2121F8E53C00DDB4E5 /* Logger.swift */; };
		424EFF2821F907D700DDB4E5 /* UserProfile.swift in Sources */ = {isa = PBXBuildFile; fileRef = 424EFF2721F907D700DDB4E5 /* UserProfile.swift */; };
		424EFF2A21F910A300DDB4E5 /* PagingResponse.swift in Sources */ = {isa = PBXBuildFile; fileRef = 424EFF2921F910A300DDB4E5 /* PagingResponse.swift */; };
		424EFF2C21F912BA00DDB4E5 /* Playlist.swift in Sources */ = {isa = PBXBuildFile; fileRef = 424EFF2B21F912BA00DDB4E5 /* Playlist.swift */; };
		424EFF2E21F913F100DDB4E5 /* SnapshotResponse.swift in Sources */ = {isa = PBXBuildFile; fileRef = 424EFF2D21F913F100DDB4E5 /* SnapshotResponse.swift */; };
		424EFF3021F9328D00DDB4E5 /* TokenStore.swift in Sources */ = {isa = PBXBuildFile; fileRef = 424EFF2F21F9328D00DDB4E5 /* TokenStore.swift */; };
		424EFF3321F93B2500DDB4E5 /* Cache.swift in Sources */ = {isa = PBXBuildFile; fileRef = 424EFF3221F93B2500DDB4E5 /* Cache.swift */; };
		424EFF3521F94B0C00DDB4E5 /* Tracks.swift in Sources */ = {isa = PBXBuildFile; fileRef = 424EFF3421F94B0C00DDB4E5 /* Tracks.swift */; };
		424EFF3721F94B2A00DDB4E5 /* ExternalUrls.swift in Sources */ = {isa = PBXBuildFile; fileRef = 424EFF3621F94B2A00DDB4E5 /* ExternalUrls.swift */; };
		424EFF3921F94B3C00DDB4E5 /* Owner.swift in Sources */ = {isa = PBXBuildFile; fileRef = 424EFF3821F94B3C00DDB4E5 /* Owner.swift */; };
		424EFF3B21F94BC900DDB4E5 /* Image.swift in Sources */ = {isa = PBXBuildFile; fileRef = 424EFF3A21F94BC900DDB4E5 /* Image.swift */; };
		424EFF3E21F965C100DDB4E5 /* PlaylistsViewController.swift in Sources */ = {isa = PBXBuildFile; fileRef = 424EFF3D21F965C100DDB4E5 /* PlaylistsViewController.swift */; };
		424EFF4121F9690C00DDB4E5 /* PlaylistsPresenter.swift in Sources */ = {isa = PBXBuildFile; fileRef = 424EFF4021F9690C00DDB4E5 /* PlaylistsPresenter.swift */; };
		425F223122DB94C200567CC4 /* UITableView+Convenience.swift in Sources */ = {isa = PBXBuildFile; fileRef = 425F223022DB94C200567CC4 /* UITableView+Convenience.swift */; };
		42757BB72211E2E400576D71 /* EditPlaylistViewController.swift in Sources */ = {isa = PBXBuildFile; fileRef = 42757BB62211E2E400576D71 /* EditPlaylistViewController.swift */; };
		42757BB92211E31700576D71 /* EditPlaylistPresenter.swift in Sources */ = {isa = PBXBuildFile; fileRef = 42757BB82211E31700576D71 /* EditPlaylistPresenter.swift */; };
		42757BBB2211F26500576D71 /* EditPlaylistViewController.storyboard in Resources */ = {isa = PBXBuildFile; fileRef = 42757BBA2211F26500576D71 /* EditPlaylistViewController.storyboard */; };
		42AEA86F21FFC5DB00B59EC6 /* SearchTableViewCell.swift in Sources */ = {isa = PBXBuildFile; fileRef = 42AEA86E21FFC5DB00B59EC6 /* SearchTableViewCell.swift */; };
		42AEA87121FFE33300B59EC6 /* Collection+Count.swift in Sources */ = {isa = PBXBuildFile; fileRef = 42AEA87021FFE33300B59EC6 /* Collection+Count.swift */; };
		42AEA8742200A13700B59EC6 /* Localizable.strings in Resources */ = {isa = PBXBuildFile; fileRef = 42AEA8762200A13700B59EC6 /* Localizable.strings */; };
		42AEA8782200A1E500B59EC6 /* Strings.swift in Sources */ = {isa = PBXBuildFile; fileRef = 42AEA8772200A1E500B59EC6 /* Strings.swift */; };
		42AEA87A2200A2E400B59EC6 /* Images.swift in Sources */ = {isa = PBXBuildFile; fileRef = 42AEA8792200A2E400B59EC6 /* Images.swift */; };
		42AEA87C2200A58800B59EC6 /* String+Attributed.swift in Sources */ = {isa = PBXBuildFile; fileRef = 42AEA87B2200A58800B59EC6 /* String+Attributed.swift */; };
		42AEA87E2200B48200B59EC6 /* CacheDelegate.swift in Sources */ = {isa = PBXBuildFile; fileRef = 42AEA87D2200B48200B59EC6 /* CacheDelegate.swift */; };
		42AEA8802200B49200B59EC6 /* LocalCache.swift in Sources */ = {isa = PBXBuildFile; fileRef = 42AEA87F2200B49200B59EC6 /* LocalCache.swift */; };
		42B93EDD22B9A3AA0060D857 /* ContainerViewController.swift in Sources */ = {isa = PBXBuildFile; fileRef = 42B93EDC22B9A3AA0060D857 /* ContainerViewController.swift */; };
		42CE582E21F8CFB000555CA0 /* AppDelegate.swift in Sources */ = {isa = PBXBuildFile; fileRef = 42CE582D21F8CFB000555CA0 /* AppDelegate.swift */; };
		42CE583521F8CFB100555CA0 /* Assets.xcassets in Resources */ = {isa = PBXBuildFile; fileRef = 42CE583421F8CFB100555CA0 /* Assets.xcassets */; };
		42CE583821F8CFB100555CA0 /* LaunchScreen.storyboard in Resources */ = {isa = PBXBuildFile; fileRef = 42CE583621F8CFB100555CA0 /* LaunchScreen.storyboard */; };
		42CE584321F8CFB100555CA0 /* StitcherTests.swift in Sources */ = {isa = PBXBuildFile; fileRef = 42CE584221F8CFB100555CA0 /* StitcherTests.swift */; };
		42CE584E21F8CFB100555CA0 /* StitcherUITests.swift in Sources */ = {isa = PBXBuildFile; fileRef = 42CE584D21F8CFB100555CA0 /* StitcherUITests.swift */; };
		42D3EF47220769EF005BDB8F /* BuildConfig.swift in Sources */ = {isa = PBXBuildFile; fileRef = 42D3EF46220769EF005BDB8F /* BuildConfig.swift */; };
		42DB39B923BA4E2400F2ED34 /* UIImage+Convenience.swift in Sources */ = {isa = PBXBuildFile; fileRef = 42DB39B823BA4E2400F2ED34 /* UIImage+Convenience.swift */; };
		42DC38BE23BBA42900057FAB /* FixedImageTableViewCell.swift in Sources */ = {isa = PBXBuildFile; fileRef = 42DC38BD23BBA42900057FAB /* FixedImageTableViewCell.swift */; };
		42E26DC422287A0900A81536 /* TracksDataSource.swift in Sources */ = {isa = PBXBuildFile; fileRef = 42E26DC322287A0900A81536 /* TracksDataSource.swift */; };
		42E26DC622287ABC00A81536 /* SearchDataSource.swift in Sources */ = {isa = PBXBuildFile; fileRef = 42E26DC522287ABC00A81536 /* SearchDataSource.swift */; };
		42E26DC82229F33700A81536 /* SpotifyOAuth.swift in Sources */ = {isa = PBXBuildFile; fileRef = 42E26DC72229F33700A81536 /* SpotifyOAuth.swift */; };
		42EA312521FB864600A6E9F0 /* Theme.swift in Sources */ = {isa = PBXBuildFile; fileRef = 42EA312421FB864600A6E9F0 /* Theme.swift */; };
		42EA312821FB974A00A6E9F0 /* PlaylistViewController.swift in Sources */ = {isa = PBXBuildFile; fileRef = 42EA312721FB974A00A6E9F0 /* PlaylistViewController.swift */; };
		42EA312A21FB976E00A6E9F0 /* PlaylistPresenter.swift in Sources */ = {isa = PBXBuildFile; fileRef = 42EA312921FB976E00A6E9F0 /* PlaylistPresenter.swift */; };
		42EA312C21FB9B3E00A6E9F0 /* Track.swift in Sources */ = {isa = PBXBuildFile; fileRef = 42EA312B21FB9B3E00A6E9F0 /* Track.swift */; };
		42EA312E21FB9B8700A6E9F0 /* AddedBy.swift in Sources */ = {isa = PBXBuildFile; fileRef = 42EA312D21FB9B8700A6E9F0 /* AddedBy.swift */; };
		42EA313021FB9BB300A6E9F0 /* Album.swift in Sources */ = {isa = PBXBuildFile; fileRef = 42EA312F21FB9BB300A6E9F0 /* Album.swift */; };
		42EA313221FB9BFE00A6E9F0 /* ExternalIds.swift in Sources */ = {isa = PBXBuildFile; fileRef = 42EA313121FB9BFE00A6E9F0 /* ExternalIds.swift */; };
		42EA313421FB9C4000A6E9F0 /* TrackItem.swift in Sources */ = {isa = PBXBuildFile; fileRef = 42EA313321FB9C4000A6E9F0 /* TrackItem.swift */; };
		42EA313821FBB3B600A6E9F0 /* SearchResponse.swift in Sources */ = {isa = PBXBuildFile; fileRef = 42EA313721FBB3B600A6E9F0 /* SearchResponse.swift */; };
		5277EADC315A4DCFF21C8B29 /* Pods_StitcherUITests.framework in Frameworks */ = {isa = PBXBuildFile; fileRef = 4D993658EB31169FF53ACBFF /* Pods_StitcherUITests.framework */; };
		86855D74FC30340F1B459A12 /* Pods_Stitcher.framework in Frameworks */ = {isa = PBXBuildFile; fileRef = C924FEBCE47BBBC85D7BCDE7 /* Pods_Stitcher.framework */; };
/* End PBXBuildFile section */

/* Begin PBXContainerItemProxy section */
		42CE583F21F8CFB100555CA0 /* PBXContainerItemProxy */ = {
			isa = PBXContainerItemProxy;
			containerPortal = 42CE582221F8CFB000555CA0 /* Project object */;
			proxyType = 1;
			remoteGlobalIDString = 42CE582921F8CFB000555CA0;
			remoteInfo = Stitcher;
		};
		42CE584A21F8CFB100555CA0 /* PBXContainerItemProxy */ = {
			isa = PBXContainerItemProxy;
			containerPortal = 42CE582221F8CFB000555CA0 /* Project object */;
			proxyType = 1;
			remoteGlobalIDString = 42CE582921F8CFB000555CA0;
			remoteInfo = Stitcher;
		};
/* End PBXContainerItemProxy section */

/* Begin PBXFileReference section */
		099F734F4D3D8B4CF45C3B3A /* Pods-StitcherUITests.debug.xcconfig */ = {isa = PBXFileReference; includeInIndex = 1; lastKnownFileType = text.xcconfig; name = "Pods-StitcherUITests.debug.xcconfig"; path = "Pods/Target Support Files/Pods-StitcherUITests/Pods-StitcherUITests.debug.xcconfig"; sourceTree = "<group>"; };
		1DFBDE42F6027E791AF59F79 /* Pods-StitcherTests.debug.xcconfig */ = {isa = PBXFileReference; includeInIndex = 1; lastKnownFileType = text.xcconfig; name = "Pods-StitcherTests.debug.xcconfig"; path = "Pods/Target Support Files/Pods-StitcherTests/Pods-StitcherTests.debug.xcconfig"; sourceTree = "<group>"; };
		259D5FC17BDA19BBCEE67BDE /* Pods-Stitcher.debug.xcconfig */ = {isa = PBXFileReference; includeInIndex = 1; lastKnownFileType = text.xcconfig; name = "Pods-Stitcher.debug.xcconfig"; path = "Pods/Target Support Files/Pods-Stitcher/Pods-Stitcher.debug.xcconfig"; sourceTree = "<group>"; };
		4202E4BD23B51CB4008BB78D /* UITableViewCell+Convenience.swift */ = {isa = PBXFileReference; lastKnownFileType = sourcecode.swift; path = "UITableViewCell+Convenience.swift"; sourceTree = "<group>"; };
		420373D523AEC4270000FD7D /* SceneDelegate.swift */ = {isa = PBXFileReference; lastKnownFileType = sourcecode.swift; path = SceneDelegate.swift; sourceTree = "<group>"; };
		4213516B23A84097007F37A9 /* EmptyView.swift */ = {isa = PBXFileReference; lastKnownFileType = sourcecode.swift; path = EmptyView.swift; sourceTree = "<group>"; };
		421FDC8022C00B6F00726BE9 /* UIDevice+Identifier.swift */ = {isa = PBXFileReference; lastKnownFileType = sourcecode.swift; path = "UIDevice+Identifier.swift"; sourceTree = "<group>"; };
		421FDC8222C01BA800726BE9 /* PlaylistsRouter.swift */ = {isa = PBXFileReference; lastKnownFileType = sourcecode.swift; path = PlaylistsRouter.swift; sourceTree = "<group>"; };
		4225768623B6553C005A4B09 /* UIWindow+Bootstrap.swift */ = {isa = PBXFileReference; lastKnownFileType = sourcecode.swift; path = "UIWindow+Bootstrap.swift"; sourceTree = "<group>"; };
		422D189722262432009321B8 /* PaginationDataSource.swift */ = {isa = PBXFileReference; lastKnownFileType = sourcecode.swift; path = PaginationDataSource.swift; sourceTree = "<group>"; };
		422D18992226D74F009321B8 /* PlaylistsDataSource.swift */ = {isa = PBXFileReference; lastKnownFileType = sourcecode.swift; path = PlaylistsDataSource.swift; sourceTree = "<group>"; };
		422E8CFD2200FC770069BF1B /* Cancellable.swift */ = {isa = PBXFileReference; lastKnownFileType = sourcecode.swift; path = Cancellable.swift; sourceTree = "<group>"; };
		422E8CFF22010D160069BF1B /* BasePresenter.swift */ = {isa = PBXFileReference; lastKnownFileType = sourcecode.swift; path = BasePresenter.swift; sourceTree = "<group>"; };
		422E8D01220365A00069BF1B /* EmptyStateConfig.swift */ = {isa = PBXFileReference; lastKnownFileType = sourcecode.swift; path = EmptyStateConfig.swift; sourceTree = "<group>"; };
		422E8D05220384380069BF1B /* BaseTableViewController.swift */ = {isa = PBXFileReference; lastKnownFileType = sourcecode.swift; path = BaseTableViewController.swift; sourceTree = "<group>"; };
		423283722213ABA2009A6C30 /* EditTableView.swift */ = {isa = PBXFileReference; lastKnownFileType = sourcecode.swift; path = EditTableView.swift; sourceTree = "<group>"; };
		4242885423A079D90028FD27 /* UIViewController+Auth.swift */ = {isa = PBXFileReference; lastKnownFileType = sourcecode.swift; path = "UIViewController+Auth.swift"; sourceTree = "<group>"; };
		424EFF1721F8DB2C00DDB4E5 /* SpotifyApi.swift */ = {isa = PBXFileReference; lastKnownFileType = sourcecode.swift; path = SpotifyApi.swift; sourceTree = "<group>"; };
		424EFF1D21F8E1F700DDB4E5 /* TokenResponse.swift */ = {isa = PBXFileReference; lastKnownFileType = sourcecode.swift; path = TokenResponse.swift; sourceTree = "<group>"; };
		424EFF1F21F8E3D600DDB4E5 /* Codable+Conversion.swift */ = {isa = PBXFileReference; lastKnownFileType = sourcecode.swift; path = "Codable+Conversion.swift"; sourceTree = "<group>"; };
		424EFF2121F8E53C00DDB4E5 /* Logger.swift */ = {isa = PBXFileReference; lastKnownFileType = sourcecode.swift; path = Logger.swift; sourceTree = "<group>"; };
		424EFF2721F907D700DDB4E5 /* UserProfile.swift */ = {isa = PBXFileReference; lastKnownFileType = sourcecode.swift; path = UserProfile.swift; sourceTree = "<group>"; };
		424EFF2921F910A300DDB4E5 /* PagingResponse.swift */ = {isa = PBXFileReference; lastKnownFileType = sourcecode.swift; path = PagingResponse.swift; sourceTree = "<group>"; };
		424EFF2B21F912BA00DDB4E5 /* Playlist.swift */ = {isa = PBXFileReference; lastKnownFileType = sourcecode.swift; path = Playlist.swift; sourceTree = "<group>"; };
		424EFF2D21F913F100DDB4E5 /* SnapshotResponse.swift */ = {isa = PBXFileReference; lastKnownFileType = sourcecode.swift; path = SnapshotResponse.swift; sourceTree = "<group>"; };
		424EFF2F21F9328D00DDB4E5 /* TokenStore.swift */ = {isa = PBXFileReference; lastKnownFileType = sourcecode.swift; path = TokenStore.swift; sourceTree = "<group>"; };
		424EFF3221F93B2500DDB4E5 /* Cache.swift */ = {isa = PBXFileReference; lastKnownFileType = sourcecode.swift; path = Cache.swift; sourceTree = "<group>"; };
		424EFF3421F94B0C00DDB4E5 /* Tracks.swift */ = {isa = PBXFileReference; lastKnownFileType = sourcecode.swift; path = Tracks.swift; sourceTree = "<group>"; };
		424EFF3621F94B2A00DDB4E5 /* ExternalUrls.swift */ = {isa = PBXFileReference; lastKnownFileType = sourcecode.swift; path = ExternalUrls.swift; sourceTree = "<group>"; };
		424EFF3821F94B3C00DDB4E5 /* Owner.swift */ = {isa = PBXFileReference; lastKnownFileType = sourcecode.swift; path = Owner.swift; sourceTree = "<group>"; };
		424EFF3A21F94BC900DDB4E5 /* Image.swift */ = {isa = PBXFileReference; lastKnownFileType = sourcecode.swift; path = Image.swift; sourceTree = "<group>"; };
		424EFF3D21F965C100DDB4E5 /* PlaylistsViewController.swift */ = {isa = PBXFileReference; lastKnownFileType = sourcecode.swift; path = PlaylistsViewController.swift; sourceTree = "<group>"; };
		424EFF4021F9690C00DDB4E5 /* PlaylistsPresenter.swift */ = {isa = PBXFileReference; lastKnownFileType = sourcecode.swift; path = PlaylistsPresenter.swift; sourceTree = "<group>"; };
		425F223022DB94C200567CC4 /* UITableView+Convenience.swift */ = {isa = PBXFileReference; lastKnownFileType = sourcecode.swift; path = "UITableView+Convenience.swift"; sourceTree = "<group>"; };
		42757BB62211E2E400576D71 /* EditPlaylistViewController.swift */ = {isa = PBXFileReference; lastKnownFileType = sourcecode.swift; path = EditPlaylistViewController.swift; sourceTree = "<group>"; };
		42757BB82211E31700576D71 /* EditPlaylistPresenter.swift */ = {isa = PBXFileReference; lastKnownFileType = sourcecode.swift; path = EditPlaylistPresenter.swift; sourceTree = "<group>"; };
		42757BBA2211F26500576D71 /* EditPlaylistViewController.storyboard */ = {isa = PBXFileReference; lastKnownFileType = file.storyboard; path = EditPlaylistViewController.storyboard; sourceTree = "<group>"; };
		42AEA86E21FFC5DB00B59EC6 /* SearchTableViewCell.swift */ = {isa = PBXFileReference; lastKnownFileType = sourcecode.swift; path = SearchTableViewCell.swift; sourceTree = "<group>"; };
		42AEA87021FFE33300B59EC6 /* Collection+Count.swift */ = {isa = PBXFileReference; lastKnownFileType = sourcecode.swift; path = "Collection+Count.swift"; sourceTree = "<group>"; };
		42AEA8752200A13700B59EC6 /* en */ = {isa = PBXFileReference; lastKnownFileType = text.plist.strings; name = en; path = en.lproj/Localizable.strings; sourceTree = "<group>"; };
		42AEA8772200A1E500B59EC6 /* Strings.swift */ = {isa = PBXFileReference; lastKnownFileType = sourcecode.swift; path = Strings.swift; sourceTree = "<group>"; };
		42AEA8792200A2E400B59EC6 /* Images.swift */ = {isa = PBXFileReference; lastKnownFileType = sourcecode.swift; path = Images.swift; sourceTree = "<group>"; };
		42AEA87B2200A58800B59EC6 /* String+Attributed.swift */ = {isa = PBXFileReference; lastKnownFileType = sourcecode.swift; path = "String+Attributed.swift"; sourceTree = "<group>"; };
		42AEA87D2200B48200B59EC6 /* CacheDelegate.swift */ = {isa = PBXFileReference; lastKnownFileType = sourcecode.swift; path = CacheDelegate.swift; sourceTree = "<group>"; };
		42AEA87F2200B49200B59EC6 /* LocalCache.swift */ = {isa = PBXFileReference; lastKnownFileType = sourcecode.swift; path = LocalCache.swift; sourceTree = "<group>"; };
		42B93EDC22B9A3AA0060D857 /* ContainerViewController.swift */ = {isa = PBXFileReference; lastKnownFileType = sourcecode.swift; path = ContainerViewController.swift; sourceTree = "<group>"; };
		42CE582A21F8CFB000555CA0 /* Stitcher.app */ = {isa = PBXFileReference; explicitFileType = wrapper.application; includeInIndex = 0; path = Stitcher.app; sourceTree = BUILT_PRODUCTS_DIR; };
		42CE582D21F8CFB000555CA0 /* AppDelegate.swift */ = {isa = PBXFileReference; lastKnownFileType = sourcecode.swift; path = AppDelegate.swift; sourceTree = "<group>"; };
		42CE583421F8CFB100555CA0 /* Assets.xcassets */ = {isa = PBXFileReference; lastKnownFileType = folder.assetcatalog; path = Assets.xcassets; sourceTree = "<group>"; };
		42CE583721F8CFB100555CA0 /* Base */ = {isa = PBXFileReference; lastKnownFileType = file.storyboard; name = Base; path = Base.lproj/LaunchScreen.storyboard; sourceTree = "<group>"; };
		42CE583921F8CFB100555CA0 /* Info.plist */ = {isa = PBXFileReference; lastKnownFileType = text.plist.xml; path = Info.plist; sourceTree = "<group>"; };
		42CE583E21F8CFB100555CA0 /* StitcherTests.xctest */ = {isa = PBXFileReference; explicitFileType = wrapper.cfbundle; includeInIndex = 0; path = StitcherTests.xctest; sourceTree = BUILT_PRODUCTS_DIR; };
		42CE584221F8CFB100555CA0 /* StitcherTests.swift */ = {isa = PBXFileReference; lastKnownFileType = sourcecode.swift; path = StitcherTests.swift; sourceTree = "<group>"; };
		42CE584421F8CFB100555CA0 /* Info.plist */ = {isa = PBXFileReference; lastKnownFileType = text.plist.xml; path = Info.plist; sourceTree = "<group>"; };
		42CE584921F8CFB100555CA0 /* StitcherUITests.xctest */ = {isa = PBXFileReference; explicitFileType = wrapper.cfbundle; includeInIndex = 0; path = StitcherUITests.xctest; sourceTree = BUILT_PRODUCTS_DIR; };
		42CE584D21F8CFB100555CA0 /* StitcherUITests.swift */ = {isa = PBXFileReference; lastKnownFileType = sourcecode.swift; path = StitcherUITests.swift; sourceTree = "<group>"; };
		42CE584F21F8CFB100555CA0 /* Info.plist */ = {isa = PBXFileReference; lastKnownFileType = text.plist.xml; path = Info.plist; sourceTree = "<group>"; };
		42D3EF4522076814005BDB8F /* Secrets.xcconfig */ = {isa = PBXFileReference; lastKnownFileType = text.xcconfig; path = Secrets.xcconfig; sourceTree = "<group>"; };
		42D3EF46220769EF005BDB8F /* BuildConfig.swift */ = {isa = PBXFileReference; lastKnownFileType = sourcecode.swift; path = BuildConfig.swift; sourceTree = "<group>"; };
		42DB39B823BA4E2400F2ED34 /* UIImage+Convenience.swift */ = {isa = PBXFileReference; lastKnownFileType = sourcecode.swift; path = "UIImage+Convenience.swift"; sourceTree = "<group>"; };
		42DC38BD23BBA42900057FAB /* FixedImageTableViewCell.swift */ = {isa = PBXFileReference; lastKnownFileType = sourcecode.swift; path = FixedImageTableViewCell.swift; sourceTree = "<group>"; };
		42E26DC322287A0900A81536 /* TracksDataSource.swift */ = {isa = PBXFileReference; lastKnownFileType = sourcecode.swift; path = TracksDataSource.swift; sourceTree = "<group>"; };
		42E26DC522287ABC00A81536 /* SearchDataSource.swift */ = {isa = PBXFileReference; lastKnownFileType = sourcecode.swift; path = SearchDataSource.swift; sourceTree = "<group>"; };
		42E26DC72229F33700A81536 /* SpotifyOAuth.swift */ = {isa = PBXFileReference; lastKnownFileType = sourcecode.swift; path = SpotifyOAuth.swift; sourceTree = "<group>"; };
		42EA312421FB864600A6E9F0 /* Theme.swift */ = {isa = PBXFileReference; lastKnownFileType = sourcecode.swift; path = Theme.swift; sourceTree = "<group>"; };
		42EA312721FB974A00A6E9F0 /* PlaylistViewController.swift */ = {isa = PBXFileReference; lastKnownFileType = sourcecode.swift; path = PlaylistViewController.swift; sourceTree = "<group>"; };
		42EA312921FB976E00A6E9F0 /* PlaylistPresenter.swift */ = {isa = PBXFileReference; lastKnownFileType = sourcecode.swift; path = PlaylistPresenter.swift; sourceTree = "<group>"; };
		42EA312B21FB9B3E00A6E9F0 /* Track.swift */ = {isa = PBXFileReference; lastKnownFileType = sourcecode.swift; path = Track.swift; sourceTree = "<group>"; };
		42EA312D21FB9B8700A6E9F0 /* AddedBy.swift */ = {isa = PBXFileReference; lastKnownFileType = sourcecode.swift; path = AddedBy.swift; sourceTree = "<group>"; };
		42EA312F21FB9BB300A6E9F0 /* Album.swift */ = {isa = PBXFileReference; lastKnownFileType = sourcecode.swift; path = Album.swift; sourceTree = "<group>"; };
		42EA313121FB9BFE00A6E9F0 /* ExternalIds.swift */ = {isa = PBXFileReference; lastKnownFileType = sourcecode.swift; path = ExternalIds.swift; sourceTree = "<group>"; };
		42EA313321FB9C4000A6E9F0 /* TrackItem.swift */ = {isa = PBXFileReference; lastKnownFileType = sourcecode.swift; path = TrackItem.swift; sourceTree = "<group>"; };
		42EA313721FBB3B600A6E9F0 /* SearchResponse.swift */ = {isa = PBXFileReference; lastKnownFileType = sourcecode.swift; path = SearchResponse.swift; sourceTree = "<group>"; };
		4D993658EB31169FF53ACBFF /* Pods_StitcherUITests.framework */ = {isa = PBXFileReference; explicitFileType = wrapper.framework; includeInIndex = 0; path = Pods_StitcherUITests.framework; sourceTree = BUILT_PRODUCTS_DIR; };
		BC5D14145CE18C06DC286319 /* Pods-Stitcher.release.xcconfig */ = {isa = PBXFileReference; includeInIndex = 1; lastKnownFileType = text.xcconfig; name = "Pods-Stitcher.release.xcconfig"; path = "Pods/Target Support Files/Pods-Stitcher/Pods-Stitcher.release.xcconfig"; sourceTree = "<group>"; };
		C924FEBCE47BBBC85D7BCDE7 /* Pods_Stitcher.framework */ = {isa = PBXFileReference; explicitFileType = wrapper.framework; includeInIndex = 0; path = Pods_Stitcher.framework; sourceTree = BUILT_PRODUCTS_DIR; };
		F34834B528F5FE4477998F06 /* Pods-StitcherTests.release.xcconfig */ = {isa = PBXFileReference; includeInIndex = 1; lastKnownFileType = text.xcconfig; name = "Pods-StitcherTests.release.xcconfig"; path = "Pods/Target Support Files/Pods-StitcherTests/Pods-StitcherTests.release.xcconfig"; sourceTree = "<group>"; };
		F66BBF6DC9A21B8303B06059 /* Pods-StitcherUITests.release.xcconfig */ = {isa = PBXFileReference; includeInIndex = 1; lastKnownFileType = text.xcconfig; name = "Pods-StitcherUITests.release.xcconfig"; path = "Pods/Target Support Files/Pods-StitcherUITests/Pods-StitcherUITests.release.xcconfig"; sourceTree = "<group>"; };
		F883D4210A32E56CA63AF017 /* Pods_StitcherTests.framework */ = {isa = PBXFileReference; explicitFileType = wrapper.framework; includeInIndex = 0; path = Pods_StitcherTests.framework; sourceTree = BUILT_PRODUCTS_DIR; };
/* End PBXFileReference section */

/* Begin PBXFrameworksBuildPhase section */
		42CE582721F8CFB000555CA0 /* Frameworks */ = {
			isa = PBXFrameworksBuildPhase;
			buildActionMask = 2147483647;
			files = (
				86855D74FC30340F1B459A12 /* Pods_Stitcher.framework in Frameworks */,
			);
			runOnlyForDeploymentPostprocessing = 0;
		};
		42CE583B21F8CFB100555CA0 /* Frameworks */ = {
			isa = PBXFrameworksBuildPhase;
			buildActionMask = 2147483647;
			files = (
				185872DF9970AABF3B98F9B6 /* Pods_StitcherTests.framework in Frameworks */,
			);
			runOnlyForDeploymentPostprocessing = 0;
		};
		42CE584621F8CFB100555CA0 /* Frameworks */ = {
			isa = PBXFrameworksBuildPhase;
			buildActionMask = 2147483647;
			files = (
				5277EADC315A4DCFF21C8B29 /* Pods_StitcherUITests.framework in Frameworks */,
			);
			runOnlyForDeploymentPostprocessing = 0;
		};
/* End PBXFrameworksBuildPhase section */

/* Begin PBXGroup section */
		422D18962226241B009321B8 /* Pagination */ = {
			isa = PBXGroup;
			children = (
				422D189722262432009321B8 /* PaginationDataSource.swift */,
				422D18992226D74F009321B8 /* PlaylistsDataSource.swift */,
				42E26DC322287A0900A81536 /* TracksDataSource.swift */,
				42E26DC522287ABC00A81536 /* SearchDataSource.swift */,
			);
			path = Pagination;
			sourceTree = "<group>";
		};
		422E8D072203894F0069BF1B /* Common */ = {
			isa = PBXGroup;
			children = (
				422E8D05220384380069BF1B /* BaseTableViewController.swift */,
				422E8D01220365A00069BF1B /* EmptyStateConfig.swift */,
				422E8CFF22010D160069BF1B /* BasePresenter.swift */,
				423283722213ABA2009A6C30 /* EditTableView.swift */,
				4213516B23A84097007F37A9 /* EmptyView.swift */,
				42DC38BD23BBA42900057FAB /* FixedImageTableViewCell.swift */,
			);
			path = Common;
			sourceTree = "<group>";
		};
		424EFF1521F8DB0B00DDB4E5 /* Data */ = {
			isa = PBXGroup;
			children = (
				422D18962226241B009321B8 /* Pagination */,
				424EFF3121F93A5200DDB4E5 /* Caching */,
				424EFF2521F8ED8500DDB4E5 /* Models */,
				424EFF1621F8DB1300DDB4E5 /* Networking */,
			);
			path = Data;
			sourceTree = "<group>";
		};
		424EFF1621F8DB1300DDB4E5 /* Networking */ = {
			isa = PBXGroup;
			children = (
				424EFF1721F8DB2C00DDB4E5 /* SpotifyApi.swift */,
				42E26DC72229F33700A81536 /* SpotifyOAuth.swift */,
			);
			path = Networking;
			sourceTree = "<group>";
		};
		424EFF2321F8ED6000DDB4E5 /* Extensions */ = {
			isa = PBXGroup;
			children = (
				424EFF1F21F8E3D600DDB4E5 /* Codable+Conversion.swift */,
				42AEA87021FFE33300B59EC6 /* Collection+Count.swift */,
				42AEA87B2200A58800B59EC6 /* String+Attributed.swift */,
				421FDC8022C00B6F00726BE9 /* UIDevice+Identifier.swift */,
				425F223022DB94C200567CC4 /* UITableView+Convenience.swift */,
				4242885423A079D90028FD27 /* UIViewController+Auth.swift */,
				4202E4BD23B51CB4008BB78D /* UITableViewCell+Convenience.swift */,
				4225768623B6553C005A4B09 /* UIWindow+Bootstrap.swift */,
				42DB39B823BA4E2400F2ED34 /* UIImage+Convenience.swift */,
			);
			path = Extensions;
			sourceTree = "<group>";
		};
		424EFF2421F8ED7600DDB4E5 /* Utilities */ = {
			isa = PBXGroup;
			children = (
				424EFF2121F8E53C00DDB4E5 /* Logger.swift */,
			);
			path = Utilities;
			sourceTree = "<group>";
		};
		424EFF2521F8ED8500DDB4E5 /* Models */ = {
			isa = PBXGroup;
			children = (
				424EFF1D21F8E1F700DDB4E5 /* TokenResponse.swift */,
				424EFF2721F907D700DDB4E5 /* UserProfile.swift */,
				424EFF2921F910A300DDB4E5 /* PagingResponse.swift */,
				424EFF2B21F912BA00DDB4E5 /* Playlist.swift */,
				424EFF2D21F913F100DDB4E5 /* SnapshotResponse.swift */,
				424EFF2F21F9328D00DDB4E5 /* TokenStore.swift */,
				424EFF3421F94B0C00DDB4E5 /* Tracks.swift */,
				424EFF3621F94B2A00DDB4E5 /* ExternalUrls.swift */,
				424EFF3821F94B3C00DDB4E5 /* Owner.swift */,
				424EFF3A21F94BC900DDB4E5 /* Image.swift */,
				42EA312B21FB9B3E00A6E9F0 /* Track.swift */,
				42EA312D21FB9B8700A6E9F0 /* AddedBy.swift */,
				42EA312F21FB9BB300A6E9F0 /* Album.swift */,
				42EA313121FB9BFE00A6E9F0 /* ExternalIds.swift */,
				42EA313321FB9C4000A6E9F0 /* TrackItem.swift */,
				42EA313721FBB3B600A6E9F0 /* SearchResponse.swift */,
				422E8CFD2200FC770069BF1B /* Cancellable.swift */,
			);
			path = Models;
			sourceTree = "<group>";
		};
		424EFF2621F8ED8F00DDB4E5 /* UI */ = {
			isa = PBXGroup;
			children = (
				42B93EDB22B9A3710060D857 /* Container */,
				42CE582D21F8CFB000555CA0 /* AppDelegate.swift */,
				42757BB52211E2C600576D71 /* Edit Playlist */,
				422E8D072203894F0069BF1B /* Common */,
				42EA312621FB972200A6E9F0 /* Playlist */,
				424EFF3C21F9658F00DDB4E5 /* Playlists */,
				420373D523AEC4270000FD7D /* SceneDelegate.swift */,
			);
			path = UI;
			sourceTree = "<group>";
		};
		424EFF3121F93A5200DDB4E5 /* Caching */ = {
			isa = PBXGroup;
			children = (
				424EFF3221F93B2500DDB4E5 /* Cache.swift */,
				42AEA87D2200B48200B59EC6 /* CacheDelegate.swift */,
				42AEA87F2200B49200B59EC6 /* LocalCache.swift */,
			);
			path = Caching;
			sourceTree = "<group>";
		};
		424EFF3C21F9658F00DDB4E5 /* Playlists */ = {
			isa = PBXGroup;
			children = (
				424EFF3D21F965C100DDB4E5 /* PlaylistsViewController.swift */,
				424EFF4021F9690C00DDB4E5 /* PlaylistsPresenter.swift */,
				421FDC8222C01BA800726BE9 /* PlaylistsRouter.swift */,
			);
			path = Playlists;
			sourceTree = "<group>";
		};
		42757BB52211E2C600576D71 /* Edit Playlist */ = {
			isa = PBXGroup;
			children = (
				42757BBA2211F26500576D71 /* EditPlaylistViewController.storyboard */,
				42757BB62211E2E400576D71 /* EditPlaylistViewController.swift */,
				42757BB82211E31700576D71 /* EditPlaylistPresenter.swift */,
			);
			path = "Edit Playlist";
			sourceTree = "<group>";
		};
		42AEA8812200B95A00B59EC6 /* Resources */ = {
			isa = PBXGroup;
			children = (
				42EA312421FB864600A6E9F0 /* Theme.swift */,
				42AEA8792200A2E400B59EC6 /* Images.swift */,
				42AEA8772200A1E500B59EC6 /* Strings.swift */,
				42D3EF46220769EF005BDB8F /* BuildConfig.swift */,
			);
			path = Resources;
			sourceTree = "<group>";
		};
		42B93EDB22B9A3710060D857 /* Container */ = {
			isa = PBXGroup;
			children = (
				42B93EDC22B9A3AA0060D857 /* ContainerViewController.swift */,
			);
			path = Container;
			sourceTree = "<group>";
		};
		42CE582121F8CFB000555CA0 = {
			isa = PBXGroup;
			children = (
				42D3EF4522076814005BDB8F /* Secrets.xcconfig */,
				42CE582C21F8CFB000555CA0 /* Stitcher */,
				42CE584121F8CFB100555CA0 /* StitcherTests */,
				42CE584C21F8CFB100555CA0 /* StitcherUITests */,
				42CE582B21F8CFB000555CA0 /* Products */,
				F2CEDC429BB4A6999E32C7D8 /* Pods */,
				78B8999FA3445F7C747158CA /* Frameworks */,
			);
			sourceTree = "<group>";
		};
		42CE582B21F8CFB000555CA0 /* Products */ = {
			isa = PBXGroup;
			children = (
				42CE582A21F8CFB000555CA0 /* Stitcher.app */,
				42CE583E21F8CFB100555CA0 /* StitcherTests.xctest */,
				42CE584921F8CFB100555CA0 /* StitcherUITests.xctest */,
			);
			name = Products;
			sourceTree = "<group>";
		};
		42CE582C21F8CFB000555CA0 /* Stitcher */ = {
			isa = PBXGroup;
			children = (
				42AEA8812200B95A00B59EC6 /* Resources */,
				424EFF2621F8ED8F00DDB4E5 /* UI */,
				424EFF2421F8ED7600DDB4E5 /* Utilities */,
				424EFF2321F8ED6000DDB4E5 /* Extensions */,
				424EFF1521F8DB0B00DDB4E5 /* Data */,
				42CE583421F8CFB100555CA0 /* Assets.xcassets */,
				42CE583621F8CFB100555CA0 /* LaunchScreen.storyboard */,
				42CE583921F8CFB100555CA0 /* Info.plist */,
				42AEA8762200A13700B59EC6 /* Localizable.strings */,
			);
			path = Stitcher;
			sourceTree = "<group>";
		};
		42CE584121F8CFB100555CA0 /* StitcherTests */ = {
			isa = PBXGroup;
			children = (
				42CE584221F8CFB100555CA0 /* StitcherTests.swift */,
				42CE584421F8CFB100555CA0 /* Info.plist */,
			);
			path = StitcherTests;
			sourceTree = "<group>";
		};
		42CE584C21F8CFB100555CA0 /* StitcherUITests */ = {
			isa = PBXGroup;
			children = (
				42CE584D21F8CFB100555CA0 /* StitcherUITests.swift */,
				42CE584F21F8CFB100555CA0 /* Info.plist */,
			);
			path = StitcherUITests;
			sourceTree = "<group>";
		};
		42EA312621FB972200A6E9F0 /* Playlist */ = {
			isa = PBXGroup;
			children = (
				42AEA86E21FFC5DB00B59EC6 /* SearchTableViewCell.swift */,
				42EA312721FB974A00A6E9F0 /* PlaylistViewController.swift */,
				42EA312921FB976E00A6E9F0 /* PlaylistPresenter.swift */,
			);
			path = Playlist;
			sourceTree = "<group>";
		};
		78B8999FA3445F7C747158CA /* Frameworks */ = {
			isa = PBXGroup;
			children = (
				C924FEBCE47BBBC85D7BCDE7 /* Pods_Stitcher.framework */,
				F883D4210A32E56CA63AF017 /* Pods_StitcherTests.framework */,
				4D993658EB31169FF53ACBFF /* Pods_StitcherUITests.framework */,
			);
			name = Frameworks;
			sourceTree = "<group>";
		};
		F2CEDC429BB4A6999E32C7D8 /* Pods */ = {
			isa = PBXGroup;
			children = (
				259D5FC17BDA19BBCEE67BDE /* Pods-Stitcher.debug.xcconfig */,
				BC5D14145CE18C06DC286319 /* Pods-Stitcher.release.xcconfig */,
				1DFBDE42F6027E791AF59F79 /* Pods-StitcherTests.debug.xcconfig */,
				F34834B528F5FE4477998F06 /* Pods-StitcherTests.release.xcconfig */,
				099F734F4D3D8B4CF45C3B3A /* Pods-StitcherUITests.debug.xcconfig */,
				F66BBF6DC9A21B8303B06059 /* Pods-StitcherUITests.release.xcconfig */,
			);
			name = Pods;
			sourceTree = "<group>";
		};
/* End PBXGroup section */

/* Begin PBXNativeTarget section */
		42CE582921F8CFB000555CA0 /* Stitcher */ = {
			isa = PBXNativeTarget;
			buildConfigurationList = 42CE585221F8CFB100555CA0 /* Build configuration list for PBXNativeTarget "Stitcher" */;
			buildPhases = (
				8F2537D71E489290D92EC0E7 /* [CP] Check Pods Manifest.lock */,
				42CE582621F8CFB000555CA0 /* Sources */,
				42CE582721F8CFB000555CA0 /* Frameworks */,
				42CE582821F8CFB000555CA0 /* Resources */,
				EF30B10BEB2EE4E43510DF6C /* [CP] Embed Pods Frameworks */,
			);
			buildRules = (
			);
			dependencies = (
			);
			name = Stitcher;
			productName = Stitcher;
			productReference = 42CE582A21F8CFB000555CA0 /* Stitcher.app */;
			productType = "com.apple.product-type.application";
		};
		42CE583D21F8CFB100555CA0 /* StitcherTests */ = {
			isa = PBXNativeTarget;
			buildConfigurationList = 42CE585521F8CFB100555CA0 /* Build configuration list for PBXNativeTarget "StitcherTests" */;
			buildPhases = (
				047CF71F0EE7B220CFBFA00E /* [CP] Check Pods Manifest.lock */,
				42CE583A21F8CFB100555CA0 /* Sources */,
				42CE583B21F8CFB100555CA0 /* Frameworks */,
				42CE583C21F8CFB100555CA0 /* Resources */,
			);
			buildRules = (
			);
			dependencies = (
				42CE584021F8CFB100555CA0 /* PBXTargetDependency */,
			);
			name = StitcherTests;
			productName = StitcherTests;
			productReference = 42CE583E21F8CFB100555CA0 /* StitcherTests.xctest */;
			productType = "com.apple.product-type.bundle.unit-test";
		};
		42CE584821F8CFB100555CA0 /* StitcherUITests */ = {
			isa = PBXNativeTarget;
			buildConfigurationList = 42CE585821F8CFB100555CA0 /* Build configuration list for PBXNativeTarget "StitcherUITests" */;
			buildPhases = (
				7BA5062B3AF7FD0D4ECC6335 /* [CP] Check Pods Manifest.lock */,
				42CE584521F8CFB100555CA0 /* Sources */,
				42CE584621F8CFB100555CA0 /* Frameworks */,
				42CE584721F8CFB100555CA0 /* Resources */,
			);
			buildRules = (
			);
			dependencies = (
				42CE584B21F8CFB100555CA0 /* PBXTargetDependency */,
			);
			name = StitcherUITests;
			productName = StitcherUITests;
			productReference = 42CE584921F8CFB100555CA0 /* StitcherUITests.xctest */;
			productType = "com.apple.product-type.bundle.ui-testing";
		};
/* End PBXNativeTarget section */

/* Begin PBXProject section */
		42CE582221F8CFB000555CA0 /* Project object */ = {
			isa = PBXProject;
			attributes = {
				LastSwiftUpdateCheck = 1010;
				LastUpgradeCheck = 1010;
				ORGANIZATIONNAME = Meaningless;
				TargetAttributes = {
					42CE582921F8CFB000555CA0 = {
						CreatedOnToolsVersion = 10.1;
					};
					42CE583D21F8CFB100555CA0 = {
						CreatedOnToolsVersion = 10.1;
						TestTargetID = 42CE582921F8CFB000555CA0;
					};
					42CE584821F8CFB100555CA0 = {
						CreatedOnToolsVersion = 10.1;
						TestTargetID = 42CE582921F8CFB000555CA0;
					};
				};
			};
			buildConfigurationList = 42CE582521F8CFB000555CA0 /* Build configuration list for PBXProject "Stitcher" */;
			compatibilityVersion = "Xcode 9.3";
			developmentRegion = en;
			hasScannedForEncodings = 0;
			knownRegions = (
				en,
				Base,
			);
			mainGroup = 42CE582121F8CFB000555CA0;
			productRefGroup = 42CE582B21F8CFB000555CA0 /* Products */;
			projectDirPath = "";
			projectRoot = "";
			targets = (
				42CE582921F8CFB000555CA0 /* Stitcher */,
				42CE583D21F8CFB100555CA0 /* StitcherTests */,
				42CE584821F8CFB100555CA0 /* StitcherUITests */,
			);
		};
/* End PBXProject section */

/* Begin PBXResourcesBuildPhase section */
		42CE582821F8CFB000555CA0 /* Resources */ = {
			isa = PBXResourcesBuildPhase;
			buildActionMask = 2147483647;
			files = (
				42CE583821F8CFB100555CA0 /* LaunchScreen.storyboard in Resources */,
				42AEA8742200A13700B59EC6 /* Localizable.strings in Resources */,
				42CE583521F8CFB100555CA0 /* Assets.xcassets in Resources */,
				42757BBB2211F26500576D71 /* EditPlaylistViewController.storyboard in Resources */,
			);
			runOnlyForDeploymentPostprocessing = 0;
		};
		42CE583C21F8CFB100555CA0 /* Resources */ = {
			isa = PBXResourcesBuildPhase;
			buildActionMask = 2147483647;
			files = (
			);
			runOnlyForDeploymentPostprocessing = 0;
		};
		42CE584721F8CFB100555CA0 /* Resources */ = {
			isa = PBXResourcesBuildPhase;
			buildActionMask = 2147483647;
			files = (
			);
			runOnlyForDeploymentPostprocessing = 0;
		};
/* End PBXResourcesBuildPhase section */

/* Begin PBXShellScriptBuildPhase section */
		047CF71F0EE7B220CFBFA00E /* [CP] Check Pods Manifest.lock */ = {
			isa = PBXShellScriptBuildPhase;
			buildActionMask = 2147483647;
			files = (
			);
			inputPaths = (
				"${PODS_PODFILE_DIR_PATH}/Podfile.lock",
				"${PODS_ROOT}/Manifest.lock",
			);
			name = "[CP] Check Pods Manifest.lock";
			outputPaths = (
				"$(DERIVED_FILE_DIR)/Pods-StitcherTests-checkManifestLockResult.txt",
			);
			runOnlyForDeploymentPostprocessing = 0;
			shellPath = /bin/sh;
			shellScript = "diff \"${PODS_PODFILE_DIR_PATH}/Podfile.lock\" \"${PODS_ROOT}/Manifest.lock\" > /dev/null\nif [ $? != 0 ] ; then\n    # print error to STDERR\n    echo \"error: The sandbox is not in sync with the Podfile.lock. Run 'pod install' or update your CocoaPods installation.\" >&2\n    exit 1\nfi\n# This output is used by Xcode 'outputs' to avoid re-running this script phase.\necho \"SUCCESS\" > \"${SCRIPT_OUTPUT_FILE_0}\"\n";
			showEnvVarsInLog = 0;
		};
		7BA5062B3AF7FD0D4ECC6335 /* [CP] Check Pods Manifest.lock */ = {
			isa = PBXShellScriptBuildPhase;
			buildActionMask = 2147483647;
			files = (
			);
			inputPaths = (
				"${PODS_PODFILE_DIR_PATH}/Podfile.lock",
				"${PODS_ROOT}/Manifest.lock",
			);
			name = "[CP] Check Pods Manifest.lock";
			outputPaths = (
				"$(DERIVED_FILE_DIR)/Pods-StitcherUITests-checkManifestLockResult.txt",
			);
			runOnlyForDeploymentPostprocessing = 0;
			shellPath = /bin/sh;
			shellScript = "diff \"${PODS_PODFILE_DIR_PATH}/Podfile.lock\" \"${PODS_ROOT}/Manifest.lock\" > /dev/null\nif [ $? != 0 ] ; then\n    # print error to STDERR\n    echo \"error: The sandbox is not in sync with the Podfile.lock. Run 'pod install' or update your CocoaPods installation.\" >&2\n    exit 1\nfi\n# This output is used by Xcode 'outputs' to avoid re-running this script phase.\necho \"SUCCESS\" > \"${SCRIPT_OUTPUT_FILE_0}\"\n";
			showEnvVarsInLog = 0;
		};
		8F2537D71E489290D92EC0E7 /* [CP] Check Pods Manifest.lock */ = {
			isa = PBXShellScriptBuildPhase;
			buildActionMask = 2147483647;
			files = (
			);
			inputPaths = (
				"${PODS_PODFILE_DIR_PATH}/Podfile.lock",
				"${PODS_ROOT}/Manifest.lock",
			);
			name = "[CP] Check Pods Manifest.lock";
			outputPaths = (
				"$(DERIVED_FILE_DIR)/Pods-Stitcher-checkManifestLockResult.txt",
			);
			runOnlyForDeploymentPostprocessing = 0;
			shellPath = /bin/sh;
			shellScript = "diff \"${PODS_PODFILE_DIR_PATH}/Podfile.lock\" \"${PODS_ROOT}/Manifest.lock\" > /dev/null\nif [ $? != 0 ] ; then\n    # print error to STDERR\n    echo \"error: The sandbox is not in sync with the Podfile.lock. Run 'pod install' or update your CocoaPods installation.\" >&2\n    exit 1\nfi\n# This output is used by Xcode 'outputs' to avoid re-running this script phase.\necho \"SUCCESS\" > \"${SCRIPT_OUTPUT_FILE_0}\"\n";
			showEnvVarsInLog = 0;
		};
		EF30B10BEB2EE4E43510DF6C /* [CP] Embed Pods Frameworks */ = {
			isa = PBXShellScriptBuildPhase;
			buildActionMask = 2147483647;
			files = (
			);
			inputFileListPaths = (
				"${PODS_ROOT}/Target Support Files/Pods-Stitcher/Pods-Stitcher-frameworks-${CONFIGURATION}-input-files.xcfilelist",
			);
			name = "[CP] Embed Pods Frameworks";
			outputFileListPaths = (
				"${PODS_ROOT}/Target Support Files/Pods-Stitcher/Pods-Stitcher-frameworks-${CONFIGURATION}-output-files.xcfilelist",
			);
			runOnlyForDeploymentPostprocessing = 0;
			shellPath = /bin/sh;
			shellScript = "\"${PODS_ROOT}/Target Support Files/Pods-Stitcher/Pods-Stitcher-frameworks.sh\"\n";
			showEnvVarsInLog = 0;
		};
/* End PBXShellScriptBuildPhase section */

/* Begin PBXSourcesBuildPhase section */
		42CE582621F8CFB000555CA0 /* Sources */ = {
			isa = PBXSourcesBuildPhase;
			buildActionMask = 2147483647;
			files = (
				4242885523A079D90028FD27 /* UIViewController+Auth.swift in Sources */,
				42D3EF47220769EF005BDB8F /* BuildConfig.swift in Sources */,
				422E8CFE2200FC770069BF1B /* Cancellable.swift in Sources */,
				424EFF2021F8E3D600DDB4E5 /* Codable+Conversion.swift in Sources */,
				42AEA87121FFE33300B59EC6 /* Collection+Count.swift in Sources */,
				42DB39B923BA4E2400F2ED34 /* UIImage+Convenience.swift in Sources */,
				4202E4BE23B51CB4008BB78D /* UITableViewCell+Convenience.swift in Sources */,
				42757BB72211E2E400576D71 /* EditPlaylistViewController.swift in Sources */,
				423283732213ABA2009A6C30 /* EditTableView.swift in Sources */,
				42EA313221FB9BFE00A6E9F0 /* ExternalIds.swift in Sources */,
				42AEA87E2200B48200B59EC6 /* CacheDelegate.swift in Sources */,
				42EA312C21FB9B3E00A6E9F0 /* Track.swift in Sources */,
				424EFF3021F9328D00DDB4E5 /* TokenStore.swift in Sources */,
				42DC38BE23BBA42900057FAB /* FixedImageTableViewCell.swift in Sources */,
				420373D623AEC4270000FD7D /* SceneDelegate.swift in Sources */,
				42B93EDD22B9A3AA0060D857 /* ContainerViewController.swift in Sources */,
				424EFF2221F8E53C00DDB4E5 /* Logger.swift in Sources */,
				422E8D06220384380069BF1B /* BaseTableViewController.swift in Sources */,
				424EFF2E21F913F100DDB4E5 /* SnapshotResponse.swift in Sources */,
				42E26DC82229F33700A81536 /* SpotifyOAuth.swift in Sources */,
				424EFF3521F94B0C00DDB4E5 /* Tracks.swift in Sources */,
				424EFF2C21F912BA00DDB4E5 /* Playlist.swift in Sources */,
				422D189822262432009321B8 /* PaginationDataSource.swift in Sources */,
				42EA313821FBB3B600A6E9F0 /* SearchResponse.swift in Sources */,
				42E26DC422287A0900A81536 /* TracksDataSource.swift in Sources */,
				42E26DC622287ABC00A81536 /* SearchDataSource.swift in Sources */,
				424EFF2821F907D700DDB4E5 /* UserProfile.swift in Sources */,
				424EFF3E21F965C100DDB4E5 /* PlaylistsViewController.swift in Sources */,
				42AEA87C2200A58800B59EC6 /* String+Attributed.swift in Sources */,
				42EA312A21FB976E00A6E9F0 /* PlaylistPresenter.swift in Sources */,
				42EA312E21FB9B8700A6E9F0 /* AddedBy.swift in Sources */,
				42AEA86F21FFC5DB00B59EC6 /* SearchTableViewCell.swift in Sources */,
				424EFF2A21F910A300DDB4E5 /* PagingResponse.swift in Sources */,
				422E8D0022010D160069BF1B /* BasePresenter.swift in Sources */,
				424EFF3B21F94BC900DDB4E5 /* Image.swift in Sources */,
				424EFF1821F8DB2C00DDB4E5 /* SpotifyApi.swift in Sources */,
				424EFF3721F94B2A00DDB4E5 /* ExternalUrls.swift in Sources */,
				4213516C23A84097007F37A9 /* EmptyView.swift in Sources */,
				42AEA87A2200A2E400B59EC6 /* Images.swift in Sources */,
				42AEA8802200B49200B59EC6 /* LocalCache.swift in Sources */,
				421FDC8322C01BA800726BE9 /* PlaylistsRouter.swift in Sources */,
				42CE582E21F8CFB000555CA0 /* AppDelegate.swift in Sources */,
				42EA313421FB9C4000A6E9F0 /* TrackItem.swift in Sources */,
				42AEA8782200A1E500B59EC6 /* Strings.swift in Sources */,
				425F223122DB94C200567CC4 /* UITableView+Convenience.swift in Sources */,
				4225768723B6553C005A4B09 /* UIWindow+Bootstrap.swift in Sources */,
				424EFF3321F93B2500DDB4E5 /* Cache.swift in Sources */,
				424EFF3921F94B3C00DDB4E5 /* Owner.swift in Sources */,
				42EA312821FB974A00A6E9F0 /* PlaylistViewController.swift in Sources */,
				42EA312521FB864600A6E9F0 /* Theme.swift in Sources */,
				424EFF4121F9690C00DDB4E5 /* PlaylistsPresenter.swift in Sources */,
				42757BB92211E31700576D71 /* EditPlaylistPresenter.swift in Sources */,
				422D189A2226D74F009321B8 /* PlaylistsDataSource.swift in Sources */,
				424EFF1E21F8E1F700DDB4E5 /* TokenResponse.swift in Sources */,
				422E8D02220365A00069BF1B /* EmptyStateConfig.swift in Sources */,
				421FDC8122C00B6F00726BE9 /* UIDevice+Identifier.swift in Sources */,
				42EA313021FB9BB300A6E9F0 /* Album.swift in Sources */,
			);
			runOnlyForDeploymentPostprocessing = 0;
		};
		42CE583A21F8CFB100555CA0 /* Sources */ = {
			isa = PBXSourcesBuildPhase;
			buildActionMask = 2147483647;
			files = (
				42CE584321F8CFB100555CA0 /* StitcherTests.swift in Sources */,
			);
			runOnlyForDeploymentPostprocessing = 0;
		};
		42CE584521F8CFB100555CA0 /* Sources */ = {
			isa = PBXSourcesBuildPhase;
			buildActionMask = 2147483647;
			files = (
				42CE584E21F8CFB100555CA0 /* StitcherUITests.swift in Sources */,
			);
			runOnlyForDeploymentPostprocessing = 0;
		};
/* End PBXSourcesBuildPhase section */

/* Begin PBXTargetDependency section */
		42CE584021F8CFB100555CA0 /* PBXTargetDependency */ = {
			isa = PBXTargetDependency;
			target = 42CE582921F8CFB000555CA0 /* Stitcher */;
			targetProxy = 42CE583F21F8CFB100555CA0 /* PBXContainerItemProxy */;
		};
		42CE584B21F8CFB100555CA0 /* PBXTargetDependency */ = {
			isa = PBXTargetDependency;
			target = 42CE582921F8CFB000555CA0 /* Stitcher */;
			targetProxy = 42CE584A21F8CFB100555CA0 /* PBXContainerItemProxy */;
		};
/* End PBXTargetDependency section */

/* Begin PBXVariantGroup section */
		42AEA8762200A13700B59EC6 /* Localizable.strings */ = {
			isa = PBXVariantGroup;
			children = (
				42AEA8752200A13700B59EC6 /* en */,
			);
			name = Localizable.strings;
			sourceTree = "<group>";
		};
		42CE583621F8CFB100555CA0 /* LaunchScreen.storyboard */ = {
			isa = PBXVariantGroup;
			children = (
				42CE583721F8CFB100555CA0 /* Base */,
			);
			name = LaunchScreen.storyboard;
			sourceTree = "<group>";
		};
/* End PBXVariantGroup section */

/* Begin XCBuildConfiguration section */
		42CE585021F8CFB100555CA0 /* Debug */ = {
			isa = XCBuildConfiguration;
			baseConfigurationReference = 42D3EF4522076814005BDB8F /* Secrets.xcconfig */;
			buildSettings = {
				ALWAYS_SEARCH_USER_PATHS = NO;
				CLANG_ANALYZER_NONNULL = YES;
				CLANG_ANALYZER_NUMBER_OBJECT_CONVERSION = YES_AGGRESSIVE;
				CLANG_CXX_LANGUAGE_STANDARD = "gnu++14";
				CLANG_CXX_LIBRARY = "libc++";
				CLANG_ENABLE_MODULES = YES;
				CLANG_ENABLE_OBJC_ARC = YES;
				CLANG_ENABLE_OBJC_WEAK = YES;
				CLANG_WARN_BLOCK_CAPTURE_AUTORELEASING = YES;
				CLANG_WARN_BOOL_CONVERSION = YES;
				CLANG_WARN_COMMA = YES;
				CLANG_WARN_CONSTANT_CONVERSION = YES;
				CLANG_WARN_DEPRECATED_OBJC_IMPLEMENTATIONS = YES;
				CLANG_WARN_DIRECT_OBJC_ISA_USAGE = YES_ERROR;
				CLANG_WARN_DOCUMENTATION_COMMENTS = YES;
				CLANG_WARN_EMPTY_BODY = YES;
				CLANG_WARN_ENUM_CONVERSION = YES;
				CLANG_WARN_INFINITE_RECURSION = YES;
				CLANG_WARN_INT_CONVERSION = YES;
				CLANG_WARN_NON_LITERAL_NULL_CONVERSION = YES;
				CLANG_WARN_OBJC_IMPLICIT_RETAIN_SELF = YES;
				CLANG_WARN_OBJC_LITERAL_CONVERSION = YES;
				CLANG_WARN_OBJC_ROOT_CLASS = YES_ERROR;
				CLANG_WARN_RANGE_LOOP_ANALYSIS = YES;
				CLANG_WARN_STRICT_PROTOTYPES = YES;
				CLANG_WARN_SUSPICIOUS_MOVE = YES;
				CLANG_WARN_UNGUARDED_AVAILABILITY = YES_AGGRESSIVE;
				CLANG_WARN_UNREACHABLE_CODE = YES;
				CLANG_WARN__DUPLICATE_METHOD_MATCH = YES;
				CODE_SIGN_IDENTITY = "iPhone Developer";
				COPY_PHASE_STRIP = NO;
				DEBUG_INFORMATION_FORMAT = dwarf;
				ENABLE_STRICT_OBJC_MSGSEND = YES;
				ENABLE_TESTABILITY = YES;
				GCC_C_LANGUAGE_STANDARD = gnu11;
				GCC_DYNAMIC_NO_PIC = NO;
				GCC_NO_COMMON_BLOCKS = YES;
				GCC_OPTIMIZATION_LEVEL = 0;
				GCC_PREPROCESSOR_DEFINITIONS = (
					"DEBUG=1",
					"$(inherited)",
				);
				GCC_WARN_64_TO_32_BIT_CONVERSION = YES;
				GCC_WARN_ABOUT_RETURN_TYPE = YES_ERROR;
				GCC_WARN_UNDECLARED_SELECTOR = YES;
				GCC_WARN_UNINITIALIZED_AUTOS = YES_AGGRESSIVE;
				GCC_WARN_UNUSED_FUNCTION = YES;
				GCC_WARN_UNUSED_VARIABLE = YES;
				IPHONEOS_DEPLOYMENT_TARGET = 12.0;
				MTL_ENABLE_DEBUG_INFO = INCLUDE_SOURCE;
				MTL_FAST_MATH = YES;
				ONLY_ACTIVE_ARCH = YES;
				SDKROOT = iphoneos;
				SWIFT_ACTIVE_COMPILATION_CONDITIONS = DEBUG;
				SWIFT_OPTIMIZATION_LEVEL = "-Onone";
			};
			name = Debug;
		};
		42CE585121F8CFB100555CA0 /* Release */ = {
			isa = XCBuildConfiguration;
			baseConfigurationReference = 42D3EF4522076814005BDB8F /* Secrets.xcconfig */;
			buildSettings = {
				ALWAYS_SEARCH_USER_PATHS = NO;
				CLANG_ANALYZER_NONNULL = YES;
				CLANG_ANALYZER_NUMBER_OBJECT_CONVERSION = YES_AGGRESSIVE;
				CLANG_CXX_LANGUAGE_STANDARD = "gnu++14";
				CLANG_CXX_LIBRARY = "libc++";
				CLANG_ENABLE_MODULES = YES;
				CLANG_ENABLE_OBJC_ARC = YES;
				CLANG_ENABLE_OBJC_WEAK = YES;
				CLANG_WARN_BLOCK_CAPTURE_AUTORELEASING = YES;
				CLANG_WARN_BOOL_CONVERSION = YES;
				CLANG_WARN_COMMA = YES;
				CLANG_WARN_CONSTANT_CONVERSION = YES;
				CLANG_WARN_DEPRECATED_OBJC_IMPLEMENTATIONS = YES;
				CLANG_WARN_DIRECT_OBJC_ISA_USAGE = YES_ERROR;
				CLANG_WARN_DOCUMENTATION_COMMENTS = YES;
				CLANG_WARN_EMPTY_BODY = YES;
				CLANG_WARN_ENUM_CONVERSION = YES;
				CLANG_WARN_INFINITE_RECURSION = YES;
				CLANG_WARN_INT_CONVERSION = YES;
				CLANG_WARN_NON_LITERAL_NULL_CONVERSION = YES;
				CLANG_WARN_OBJC_IMPLICIT_RETAIN_SELF = YES;
				CLANG_WARN_OBJC_LITERAL_CONVERSION = YES;
				CLANG_WARN_OBJC_ROOT_CLASS = YES_ERROR;
				CLANG_WARN_RANGE_LOOP_ANALYSIS = YES;
				CLANG_WARN_STRICT_PROTOTYPES = YES;
				CLANG_WARN_SUSPICIOUS_MOVE = YES;
				CLANG_WARN_UNGUARDED_AVAILABILITY = YES_AGGRESSIVE;
				CLANG_WARN_UNREACHABLE_CODE = YES;
				CLANG_WARN__DUPLICATE_METHOD_MATCH = YES;
				CODE_SIGN_IDENTITY = "iPhone Developer";
				COPY_PHASE_STRIP = NO;
				DEBUG_INFORMATION_FORMAT = "dwarf-with-dsym";
				ENABLE_NS_ASSERTIONS = NO;
				ENABLE_STRICT_OBJC_MSGSEND = YES;
				GCC_C_LANGUAGE_STANDARD = gnu11;
				GCC_NO_COMMON_BLOCKS = YES;
				GCC_WARN_64_TO_32_BIT_CONVERSION = YES;
				GCC_WARN_ABOUT_RETURN_TYPE = YES_ERROR;
				GCC_WARN_UNDECLARED_SELECTOR = YES;
				GCC_WARN_UNINITIALIZED_AUTOS = YES_AGGRESSIVE;
				GCC_WARN_UNUSED_FUNCTION = YES;
				GCC_WARN_UNUSED_VARIABLE = YES;
				IPHONEOS_DEPLOYMENT_TARGET = 12.0;
				MTL_ENABLE_DEBUG_INFO = NO;
				MTL_FAST_MATH = YES;
				SDKROOT = iphoneos;
				SWIFT_COMPILATION_MODE = wholemodule;
				SWIFT_OPTIMIZATION_LEVEL = "-O";
				VALIDATE_PRODUCT = YES;
			};
			name = Release;
		};
		42CE585321F8CFB100555CA0 /* Debug */ = {
			isa = XCBuildConfiguration;
			baseConfigurationReference = 259D5FC17BDA19BBCEE67BDE /* Pods-Stitcher.debug.xcconfig */;
			buildSettings = {
				ASSETCATALOG_COMPILER_APPICON_NAME = AppIcon;
				CODE_SIGN_IDENTITY = "iPhone Developer";
				CODE_SIGN_STYLE = Automatic;
				DEVELOPMENT_TEAM = 5YPTGTC4JC;
				INFOPLIST_FILE = Stitcher/Info.plist;
				IPHONEOS_DEPLOYMENT_TARGET = 12.0;
				LD_RUNPATH_SEARCH_PATHS = (
					"$(inherited)",
					"@executable_path/Frameworks",
				);
				PRODUCT_BUNDLE_IDENTIFIER = com.andyjohnson.stitchr;
				PRODUCT_NAME = "$(TARGET_NAME)";
				PROVISIONING_PROFILE_SPECIFIER = "";
				SWIFT_VERSION = 5.0;
				TARGETED_DEVICE_FAMILY = "1,2";
			};
			name = Debug;
		};
		42CE585421F8CFB100555CA0 /* Release */ = {
			isa = XCBuildConfiguration;
			baseConfigurationReference = BC5D14145CE18C06DC286319 /* Pods-Stitcher.release.xcconfig */;
			buildSettings = {
				ASSETCATALOG_COMPILER_APPICON_NAME = AppIcon;
				CODE_SIGN_IDENTITY = "iPhone Developer";
				CODE_SIGN_STYLE = Automatic;
				DEVELOPMENT_TEAM = 5YPTGTC4JC;
				INFOPLIST_FILE = Stitcher/Info.plist;
				IPHONEOS_DEPLOYMENT_TARGET = 12.0;
				LD_RUNPATH_SEARCH_PATHS = (
					"$(inherited)",
					"@executable_path/Frameworks",
				);
				PRODUCT_BUNDLE_IDENTIFIER = com.andyjohnson.stitchr;
				PRODUCT_NAME = "$(TARGET_NAME)";
				PROVISIONING_PROFILE_SPECIFIER = "";
				SWIFT_VERSION = 5.0;
				TARGETED_DEVICE_FAMILY = "1,2";
			};
			name = Release;
		};
		42CE585621F8CFB100555CA0 /* Debug */ = {
			isa = XCBuildConfiguration;
			baseConfigurationReference = 1DFBDE42F6027E791AF59F79 /* Pods-StitcherTests.debug.xcconfig */;
			buildSettings = {
				ALWAYS_EMBED_SWIFT_STANDARD_LIBRARIES = YES;
				BUNDLE_LOADER = "$(TEST_HOST)";
				CODE_SIGN_STYLE = Automatic;
				DEVELOPMENT_TEAM = 5YPTGTC4JC;
				INFOPLIST_FILE = StitcherTests/Info.plist;
				LD_RUNPATH_SEARCH_PATHS = (
					"$(inherited)",
					"@executable_path/Frameworks",
					"@loader_path/Frameworks",
				);
				PRODUCT_BUNDLE_IDENTIFIER = com.meaningless.StitcherTests;
				PRODUCT_NAME = "$(TARGET_NAME)";
				SWIFT_VERSION = 5.0;
				TARGETED_DEVICE_FAMILY = "1,2";
				TEST_HOST = "$(BUILT_PRODUCTS_DIR)/Stitcher.app/Stitcher";
			};
			name = Debug;
		};
		42CE585721F8CFB100555CA0 /* Release */ = {
			isa = XCBuildConfiguration;
			baseConfigurationReference = F34834B528F5FE4477998F06 /* Pods-StitcherTests.release.xcconfig */;
			buildSettings = {
				ALWAYS_EMBED_SWIFT_STANDARD_LIBRARIES = YES;
				BUNDLE_LOADER = "$(TEST_HOST)";
				CODE_SIGN_STYLE = Automatic;
				DEVELOPMENT_TEAM = 5YPTGTC4JC;
				INFOPLIST_FILE = StitcherTests/Info.plist;
				LD_RUNPATH_SEARCH_PATHS = (
					"$(inherited)",
					"@executable_path/Frameworks",
					"@loader_path/Frameworks",
				);
				PRODUCT_BUNDLE_IDENTIFIER = com.meaningless.StitcherTests;
				PRODUCT_NAME = "$(TARGET_NAME)";
				SWIFT_VERSION = 5.0;
				TARGETED_DEVICE_FAMILY = "1,2";
				TEST_HOST = "$(BUILT_PRODUCTS_DIR)/Stitcher.app/Stitcher";
			};
			name = Release;
		};
		42CE585921F8CFB100555CA0 /* Debug */ = {
			isa = XCBuildConfiguration;
			baseConfigurationReference = 099F734F4D3D8B4CF45C3B3A /* Pods-StitcherUITests.debug.xcconfig */;
			buildSettings = {
				ALWAYS_EMBED_SWIFT_STANDARD_LIBRARIES = YES;
				CODE_SIGN_STYLE = Automatic;
				DEVELOPMENT_TEAM = 5YPTGTC4JC;
				INFOPLIST_FILE = StitcherUITests/Info.plist;
				LD_RUNPATH_SEARCH_PATHS = (
					"$(inherited)",
					"@executable_path/Frameworks",
					"@loader_path/Frameworks",
				);
				PRODUCT_BUNDLE_IDENTIFIER = com.meaningless.StitcherUITests;
				PRODUCT_NAME = "$(TARGET_NAME)";
				SWIFT_VERSION = 5.0;
				TARGETED_DEVICE_FAMILY = "1,2";
				TEST_TARGET_NAME = Stitcher;
			};
			name = Debug;
		};
		42CE585A21F8CFB100555CA0 /* Release */ = {
			isa = XCBuildConfiguration;
			baseConfigurationReference = F66BBF6DC9A21B8303B06059 /* Pods-StitcherUITests.release.xcconfig */;
			buildSettings = {
				ALWAYS_EMBED_SWIFT_STANDARD_LIBRARIES = YES;
				CODE_SIGN_STYLE = Automatic;
				DEVELOPMENT_TEAM = 5YPTGTC4JC;
				INFOPLIST_FILE = StitcherUITests/Info.plist;
				LD_RUNPATH_SEARCH_PATHS = (
					"$(inherited)",
					"@executable_path/Frameworks",
					"@loader_path/Frameworks",
				);
				PRODUCT_BUNDLE_IDENTIFIER = com.meaningless.StitcherUITests;
				PRODUCT_NAME = "$(TARGET_NAME)";
				SWIFT_VERSION = 5.0;
				TARGETED_DEVICE_FAMILY = "1,2";
				TEST_TARGET_NAME = Stitcher;
			};
			name = Release;
		};
/* End XCBuildConfiguration section */

/* Begin XCConfigurationList section */
		42CE582521F8CFB000555CA0 /* Build configuration list for PBXProject "Stitcher" */ = {
			isa = XCConfigurationList;
			buildConfigurations = (
				42CE585021F8CFB100555CA0 /* Debug */,
				42CE585121F8CFB100555CA0 /* Release */,
			);
			defaultConfigurationIsVisible = 0;
			defaultConfigurationName = Release;
		};
		42CE585221F8CFB100555CA0 /* Build configuration list for PBXNativeTarget "Stitcher" */ = {
			isa = XCConfigurationList;
			buildConfigurations = (
				42CE585321F8CFB100555CA0 /* Debug */,
				42CE585421F8CFB100555CA0 /* Release */,
			);
			defaultConfigurationIsVisible = 0;
			defaultConfigurationName = Release;
		};
		42CE585521F8CFB100555CA0 /* Build configuration list for PBXNativeTarget "StitcherTests" */ = {
			isa = XCConfigurationList;
			buildConfigurations = (
				42CE585621F8CFB100555CA0 /* Debug */,
				42CE585721F8CFB100555CA0 /* Release */,
			);
			defaultConfigurationIsVisible = 0;
			defaultConfigurationName = Release;
		};
		42CE585821F8CFB100555CA0 /* Build configuration list for PBXNativeTarget "StitcherUITests" */ = {
			isa = XCConfigurationList;
			buildConfigurations = (
				42CE585921F8CFB100555CA0 /* Debug */,
				42CE585A21F8CFB100555CA0 /* Release */,
			);
			defaultConfigurationIsVisible = 0;
			defaultConfigurationName = Release;
		};
/* End XCConfigurationList section */
	};
	rootObject = 42CE582221F8CFB000555CA0 /* Project object */;
}
